// !$*UTF8*$!
{
	archiveVersion = 1;
	classes = {
	};
	objectVersion = 50;
	objects = {

/* Begin PBXBuildFile section */
		A844173E210930DB009747A5 /* AppDelegate.swift in Sources */ = {isa = PBXBuildFile; fileRef = A844173D210930DB009747A5 /* AppDelegate.swift */; };
		A8441740210930DB009747A5 /* ViewController.swift in Sources */ = {isa = PBXBuildFile; fileRef = A844173F210930DB009747A5 /* ViewController.swift */; };
		A8441743210930DB009747A5 /* Main.storyboard in Resources */ = {isa = PBXBuildFile; fileRef = A8441741210930DB009747A5 /* Main.storyboard */; };
		A8441746210930DB009747A5 /* jsonTest.xcdatamodeld in Sources */ = {isa = PBXBuildFile; fileRef = A8441744210930DB009747A5 /* jsonTest.xcdatamodeld */; };
		A8441748210930DC009747A5 /* Assets.xcassets in Resources */ = {isa = PBXBuildFile; fileRef = A8441747210930DC009747A5 /* Assets.xcassets */; };
		A844174B210930DC009747A5 /* LaunchScreen.storyboard in Resources */ = {isa = PBXBuildFile; fileRef = A8441749210930DC009747A5 /* LaunchScreen.storyboard */; };
		AD9CC196F7E1FB090E898A9E /* Pods_jsonTest.framework in Frameworks */ = {isa = PBXBuildFile; fileRef = DACE161AEA73074D540E6F4C /* Pods_jsonTest.framework */; };
/* End PBXBuildFile section */

/* Begin PBXFileReference section */
		3CC51BAB016AC97BEA463EC9 /* Pods-jsonTest.debug.xcconfig */ = {isa = PBXFileReference; includeInIndex = 1; lastKnownFileType = text.xcconfig; name = "Pods-jsonTest.debug.xcconfig"; path = "Pods/Target Support Files/Pods-jsonTest/Pods-jsonTest.debug.xcconfig"; sourceTree = "<group>"; };
		A844173A210930DB009747A5 /* jsonTest.app */ = {isa = PBXFileReference; explicitFileType = wrapper.application; includeInIndex = 0; path = jsonTest.app; sourceTree = BUILT_PRODUCTS_DIR; };
		A844173D210930DB009747A5 /* AppDelegate.swift */ = {isa = PBXFileReference; lastKnownFileType = sourcecode.swift; path = AppDelegate.swift; sourceTree = "<group>"; };
		A844173F210930DB009747A5 /* ViewController.swift */ = {isa = PBXFileReference; lastKnownFileType = sourcecode.swift; path = ViewController.swift; sourceTree = "<group>"; };
		A8441742210930DB009747A5 /* Base */ = {isa = PBXFileReference; lastKnownFileType = file.storyboard; name = Base; path = Base.lproj/Main.storyboard; sourceTree = "<group>"; };
		A8441745210930DB009747A5 /* jsonTest.xcdatamodel */ = {isa = PBXFileReference; lastKnownFileType = wrapper.xcdatamodel; path = jsonTest.xcdatamodel; sourceTree = "<group>"; };
		A8441747210930DC009747A5 /* Assets.xcassets */ = {isa = PBXFileReference; lastKnownFileType = folder.assetcatalog; path = Assets.xcassets; sourceTree = "<group>"; };
		A844174A210930DC009747A5 /* Base */ = {isa = PBXFileReference; lastKnownFileType = file.storyboard; name = Base; path = Base.lproj/LaunchScreen.storyboard; sourceTree = "<group>"; };
		A844174C210930DC009747A5 /* Info.plist */ = {isa = PBXFileReference; lastKnownFileType = text.plist.xml; path = Info.plist; sourceTree = "<group>"; };
		DACE161AEA73074D540E6F4C /* Pods_jsonTest.framework */ = {isa = PBXFileReference; explicitFileType = wrapper.framework; includeInIndex = 0; path = Pods_jsonTest.framework; sourceTree = BUILT_PRODUCTS_DIR; };
		F56B9A65970B2F12D2C472EA /* Pods-jsonTest.release.xcconfig */ = {isa = PBXFileReference; includeInIndex = 1; lastKnownFileType = text.xcconfig; name = "Pods-jsonTest.release.xcconfig"; path = "Pods/Target Support Files/Pods-jsonTest/Pods-jsonTest.release.xcconfig"; sourceTree = "<group>"; };
/* End PBXFileReference section */

/* Begin PBXFrameworksBuildPhase section */
		A8441737210930DB009747A5 /* Frameworks */ = {
			isa = PBXFrameworksBuildPhase;
			buildActionMask = 2147483647;
			files = (
				AD9CC196F7E1FB090E898A9E /* Pods_jsonTest.framework in Frameworks */,
			);
			runOnlyForDeploymentPostprocessing = 0;
		};
/* End PBXFrameworksBuildPhase section */

/* Begin PBXGroup section */
		A8441731210930DB009747A5 = {
			isa = PBXGroup;
			children = (
				A844173C210930DB009747A5 /* jsonTest */,
				A844173B210930DB009747A5 /* Products */,
				D2E8778D6FA263DCD26F3385 /* Pods */,
				FA346CF07414AAE451D43342 /* Frameworks */,
			);
			sourceTree = "<group>";
		};
		A844173B210930DB009747A5 /* Products */ = {
			isa = PBXGroup;
			children = (
				A844173A210930DB009747A5 /* jsonTest.app */,
			);
			name = Products;
			sourceTree = "<group>";
		};
		A844173C210930DB009747A5 /* jsonTest */ = {
			isa = PBXGroup;
			children = (
				A844173D210930DB009747A5 /* AppDelegate.swift */,
				A844173F210930DB009747A5 /* ViewController.swift */,
				A8441741210930DB009747A5 /* Main.storyboard */,
				A8441747210930DC009747A5 /* Assets.xcassets */,
				A8441749210930DC009747A5 /* LaunchScreen.storyboard */,
				A844174C210930DC009747A5 /* Info.plist */,
				A8441744210930DB009747A5 /* jsonTest.xcdatamodeld */,
			);
			path = jsonTest;
			sourceTree = "<group>";
		};
		D2E8778D6FA263DCD26F3385 /* Pods */ = {
			isa = PBXGroup;
			children = (
				3CC51BAB016AC97BEA463EC9 /* Pods-jsonTest.debug.xcconfig */,
				F56B9A65970B2F12D2C472EA /* Pods-jsonTest.release.xcconfig */,
			);
			name = Pods;
			sourceTree = "<group>";
		};
		FA346CF07414AAE451D43342 /* Frameworks */ = {
			isa = PBXGroup;
			children = (
				DACE161AEA73074D540E6F4C /* Pods_jsonTest.framework */,
			);
			name = Frameworks;
			sourceTree = "<group>";
		};
/* End PBXGroup section */

/* Begin PBXNativeTarget section */
		A8441739210930DB009747A5 /* jsonTest */ = {
			isa = PBXNativeTarget;
			buildConfigurationList = A844174F210930DC009747A5 /* Build configuration list for PBXNativeTarget "jsonTest" */;
			buildPhases = (
				D3C5B4334D208B846E14A832 /* [CP] Check Pods Manifest.lock */,
				A8441736210930DB009747A5 /* Sources */,
				A8441737210930DB009747A5 /* Frameworks */,
				A8441738210930DB009747A5 /* Resources */,
				C8EFC2C7428B7489EABE0B7C /* [CP] Embed Pods Frameworks */,
			);
			buildRules = (
			);
			dependencies = (
			);
			name = jsonTest;
			productName = jsonTest;
			productReference = A844173A210930DB009747A5 /* jsonTest.app */;
			productType = "com.apple.product-type.application";
		};
/* End PBXNativeTarget section */

/* Begin PBXProject section */
		A8441732210930DB009747A5 /* Project object */ = {
			isa = PBXProject;
			attributes = {
				LastSwiftUpdateCheck = 0940;
				LastUpgradeCheck = 0940;
				ORGANIZATIONNAME = "Aesha Patel";
				TargetAttributes = {
					A8441739210930DB009747A5 = {
						CreatedOnToolsVersion = 9.4.1;
					};
				};
			};
			buildConfigurationList = A8441735210930DB009747A5 /* Build configuration list for PBXProject "jsonTest" */;
			compatibilityVersion = "Xcode 9.3";
			developmentRegion = en;
			hasScannedForEncodings = 0;
			knownRegions = (
				en,
				Base,
			);
			mainGroup = A8441731210930DB009747A5;
			productRefGroup = A844173B210930DB009747A5 /* Products */;
			projectDirPath = "";
			projectRoot = "";
			targets = (
				A8441739210930DB009747A5 /* jsonTest */,
			);
		};
/* End PBXProject section */

/* Begin PBXResourcesBuildPhase section */
		A8441738210930DB009747A5 /* Resources */ = {
			isa = PBXResourcesBuildPhase;
			buildActionMask = 2147483647;
			files = (
				A844174B210930DC009747A5 /* LaunchScreen.storyboard in Resources */,
				A8441748210930DC009747A5 /* Assets.xcassets in Resources */,
				A8441743210930DB009747A5 /* Main.storyboard in Resources */,
			);
			runOnlyForDeploymentPostprocessing = 0;
		};
/* End PBXResourcesBuildPhase section */

/* Begin PBXShellScriptBuildPhase section */
		C8EFC2C7428B7489EABE0B7C /* [CP] Embed Pods Frameworks */ = {
			isa = PBXShellScriptBuildPhase;
			buildActionMask = 2147483647;
			files = (
			);
			inputPaths = (
				"${SRCROOT}/Pods/Target Support Files/Pods-jsonTest/Pods-jsonTest-frameworks.sh",
				"${BUILT_PRODUCTS_DIR}/Alamofire/Alamofire.framework",
				"${BUILT_PRODUCTS_DIR}/SwiftyJSON/SwiftyJSON.framework",
			);
			name = "[CP] Embed Pods Frameworks";
			outputPaths = (
				"${TARGET_BUILD_DIR}/${FRAMEWORKS_FOLDER_PATH}/Alamofire.framework",
				"${TARGET_BUILD_DIR}/${FRAMEWORKS_FOLDER_PATH}/SwiftyJSON.framework",
			);
			runOnlyForDeploymentPostprocessing = 0;
			shellPath = /bin/sh;
			shellScript = "\"${SRCROOT}/Pods/Target Support Files/Pods-jsonTest/Pods-jsonTest-frameworks.sh\"\n";
			showEnvVarsInLog = 0;
		};
		D3C5B4334D208B846E14A832 /* [CP] Check Pods Manifest.lock */ = {
			isa = PBXShellScriptBuildPhase;
			buildActionMask = 2147483647;
			files = (
			);
			inputPaths = (
				"${PODS_PODFILE_DIR_PATH}/Podfile.lock",
				"${PODS_ROOT}/Manifest.lock",
			);
			name = "[CP] Check Pods Manifest.lock";
			outputPaths = (
				"$(DERIVED_FILE_DIR)/Pods-jsonTest-checkManifestLockResult.txt",
			);
			runOnlyForDeploymentPostprocessing = 0;
			shellPath = /bin/sh;
			shellScript = "diff \"${PODS_PODFILE_DIR_PATH}/Podfile.lock\" \"${PODS_ROOT}/Manifest.lock\" > /dev/null\nif [ $? != 0 ] ; then\n    # print error to STDERR\n    echo \"error: The sandbox is not in sync with the Podfile.lock. Run 'pod install' or update your CocoaPods installation.\" >&2\n    exit 1\nfi\n# This output is used by Xcode 'outputs' to avoid re-running this script phase.\necho \"SUCCESS\" > \"${SCRIPT_OUTPUT_FILE_0}\"\n";
			showEnvVarsInLog = 0;
		};
/* End PBXShellScriptBuildPhase section */

/* Begin PBXSourcesBuildPhase section */
		A8441736210930DB009747A5 /* Sources */ = {
			isa = PBXSourcesBuildPhase;
			buildActionMask = 2147483647;
			files = (
				A8441746210930DB009747A5 /* jsonTest.xcdatamodeld in Sources */,
				A8441740210930DB009747A5 /* ViewController.swift in Sources */,
				A844173E210930DB009747A5 /* AppDelegate.swift in Sources */,
			);
			runOnlyForDeploymentPostprocessing = 0;
		};
/* End PBXSourcesBuildPhase section */

/* Begin PBXVariantGroup section */
		A8441741210930DB009747A5 /* Main.storyboard */ = {
			isa = PBXVariantGroup;
			children = (
				A8441742210930DB009747A5 /* Base */,
			);
			name = Main.storyboard;
			sourceTree = "<group>";
		};
		A8441749210930DC009747A5 /* LaunchScreen.storyboard */ = {
			isa = PBXVariantGroup;
			children = (
				A844174A210930DC009747A5 /* Base */,
			);
			name = LaunchScreen.storyboard;
			sourceTree = "<group>";
		};
/* End PBXVariantGroup section */

/* Begin XCBuildConfiguration section */
		A844174D210930DC009747A5 /* Debug */ = {
			isa = XCBuildConfiguration;
			buildSettings = {
				ALWAYS_SEARCH_USER_PATHS = NO;
				CLANG_ANALYZER_NONNULL = YES;
				CLANG_ANALYZER_NUMBER_OBJECT_CONVERSION = YES_AGGRESSIVE;
				CLANG_CXX_LANGUAGE_STANDARD = "gnu++14";
				CLANG_CXX_LIBRARY = "libc++";
				CLANG_ENABLE_MODULES = YES;
				CLANG_ENABLE_OBJC_ARC = YES;
				CLANG_ENABLE_OBJC_WEAK = YES;
				CLANG_WARN_BLOCK_CAPTURE_AUTORELEASING = YES;
				CLANG_WARN_BOOL_CONVERSION = YES;
				CLANG_WARN_COMMA = YES;
				CLANG_WARN_CONSTANT_CONVERSION = YES;
				CLANG_WARN_DEPRECATED_OBJC_IMPLEMENTATIONS = YES;
				CLANG_WARN_DIRECT_OBJC_ISA_USAGE = YES_ERROR;
				CLANG_WARN_DOCUMENTATION_COMMENTS = YES;
				CLANG_WARN_EMPTY_BODY = YES;
				CLANG_WARN_ENUM_CONVERSION = YES;
				CLANG_WARN_INFINITE_RECURSION = YES;
				CLANG_WARN_INT_CONVERSION = YES;
				CLANG_WARN_NON_LITERAL_NULL_CONVERSION = YES;
				CLANG_WARN_OBJC_IMPLICIT_RETAIN_SELF = YES;
				CLANG_WARN_OBJC_LITERAL_CONVERSION = YES;
				CLANG_WARN_OBJC_ROOT_CLASS = YES_ERROR;
				CLANG_WARN_RANGE_LOOP_ANALYSIS = YES;
				CLANG_WARN_STRICT_PROTOTYPES = YES;
				CLANG_WARN_SUSPICIOUS_MOVE = YES;
				CLANG_WARN_UNGUARDED_AVAILABILITY = YES_AGGRESSIVE;
				CLANG_WARN_UNREACHABLE_CODE = YES;
				CLANG_WARN__DUPLICATE_METHOD_MATCH = YES;
				CODE_SIGN_IDENTITY = "iPhone Developer";
				COPY_PHASE_STRIP = NO;
				DEBUG_INFORMATION_FORMAT = dwarf;
				ENABLE_STRICT_OBJC_MSGSEND = YES;
				ENABLE_TESTABILITY = YES;
				GCC_C_LANGUAGE_STANDARD = gnu11;
				GCC_DYNAMIC_NO_PIC = NO;
				GCC_NO_COMMON_BLOCKS = YES;
				GCC_OPTIMIZATION_LEVEL = 0;
				GCC_PREPROCESSOR_DEFINITIONS = (
					"DEBUG=1",
					"$(inherited)",
				);
				GCC_WARN_64_TO_32_BIT_CONVERSION = YES;
				GCC_WARN_ABOUT_RETURN_TYPE = YES_ERROR;
				GCC_WARN_UNDECLARED_SELECTOR = YES;
				GCC_WARN_UNINITIALIZED_AUTOS = YES_AGGRESSIVE;
				GCC_WARN_UNUSED_FUNCTION = YES;
				GCC_WARN_UNUSED_VARIABLE = YES;
				IPHONEOS_DEPLOYMENT_TARGET = 11.4;
				MTL_ENABLE_DEBUG_INFO = YES;
				ONLY_ACTIVE_ARCH = YES;
				SDKROOT = iphoneos;
				SWIFT_ACTIVE_COMPILATION_CONDITIONS = DEBUG;
				SWIFT_OPTIMIZATION_LEVEL = "-Onone";
			};
			name = Debug;
		};
		A844174E210930DC009747A5 /* Release */ = {
			isa = XCBuildConfiguration;
			buildSettings = {
				ALWAYS_SEARCH_USER_PATHS = NO;
				CLANG_ANALYZER_NONNULL = YES;
				CLANG_ANALYZER_NUMBER_OBJECT_CONVERSION = YES_AGGRESSIVE;
				CLANG_CXX_LANGUAGE_STANDARD = "gnu++14";
				CLANG_CXX_LIBRARY = "libc++";
				CLANG_ENABLE_MODULES = YES;
				CLANG_ENABLE_OBJC_ARC = YES;
				CLANG_ENABLE_OBJC_WEAK = YES;
				CLANG_WARN_BLOCK_CAPTURE_AUTORELEASING = YES;
				CLANG_WARN_BOOL_CONVERSION = YES;
				CLANG_WARN_COMMA = YES;
				CLANG_WARN_CONSTANT_CONVERSION = YES;
				CLANG_WARN_DEPRECATED_OBJC_IMPLEMENTATIONS = YES;
				CLANG_WARN_DIRECT_OBJC_ISA_USAGE = YES_ERROR;
				CLANG_WARN_DOCUMENTATION_COMMENTS = YES;
				CLANG_WARN_EMPTY_BODY = YES;
				CLANG_WARN_ENUM_CONVERSION = YES;
				CLANG_WARN_INFINITE_RECURSION = YES;
				CLANG_WARN_INT_CONVERSION = YES;
				CLANG_WARN_NON_LITERAL_NULL_CONVERSION = YES;
				CLANG_WARN_OBJC_IMPLICIT_RETAIN_SELF = YES;
				CLANG_WARN_OBJC_LITERAL_CONVERSION = YES;
				CLANG_WARN_OBJC_ROOT_CLASS = YES_ERROR;
				CLANG_WARN_RANGE_LOOP_ANALYSIS = YES;
				CLANG_WARN_STRICT_PROTOTYPES = YES;
				CLANG_WARN_SUSPICIOUS_MOVE = YES;
				CLANG_WARN_UNGUARDED_AVAILABILITY = YES_AGGRESSIVE;
				CLANG_WARN_UNREACHABLE_CODE = YES;
				CLANG_WARN__DUPLICATE_METHOD_MATCH = YES;
				CODE_SIGN_IDENTITY = "iPhone Developer";
				COPY_PHASE_STRIP = NO;
				DEBUG_INFORMATION_FORMAT = "dwarf-with-dsym";
				ENABLE_NS_ASSERTIONS = NO;
				ENABLE_STRICT_OBJC_MSGSEND = YES;
				GCC_C_LANGUAGE_STANDARD = gnu11;
				GCC_NO_COMMON_BLOCKS = YES;
				GCC_WARN_64_TO_32_BIT_CONVERSION = YES;
				GCC_WARN_ABOUT_RETURN_TYPE = YES_ERROR;
				GCC_WARN_UNDECLARED_SELECTOR = YES;
				GCC_WARN_UNINITIALIZED_AUTOS = YES_AGGRESSIVE;
				GCC_WARN_UNUSED_FUNCTION = YES;
				GCC_WARN_UNUSED_VARIABLE = YES;
				IPHONEOS_DEPLOYMENT_TARGET = 11.4;
				MTL_ENABLE_DEBUG_INFO = NO;
				SDKROOT = iphoneos;
				SWIFT_COMPILATION_MODE = wholemodule;
				SWIFT_OPTIMIZATION_LEVEL = "-O";
				VALIDATE_PRODUCT = YES;
			};
			name = Release;
		};
		A8441750210930DC009747A5 /* Debug */ = {
			isa = XCBuildConfiguration;
			baseConfigurationReference = 3CC51BAB016AC97BEA463EC9 /* Pods-jsonTest.debug.xcconfig */;
			buildSettings = {
				ASSETCATALOG_COMPILER_APPICON_NAME = AppIcon;
				CODE_SIGN_STYLE = Automatic;
				DEVELOPMENT_TEAM = X39JA8H8R9;
				INFOPLIST_FILE = jsonTest/Info.plist;
				LD_RUNPATH_SEARCH_PATHS = (
					"$(inherited)",
					"@executable_path/Frameworks",
				);
				PRODUCT_BUNDLE_IDENTIFIER = gandhi.shivam.jsonTest;
				PRODUCT_NAME = "$(TARGET_NAME)";
				SWIFT_VERSION = 4.0;
				TARGETED_DEVICE_FAMILY = "1,2";
			};
			name = Debug;
		};
		A8441751210930DC009747A5 /* Release */ = {
			isa = XCBuildConfiguration;
			baseConfigurationReference = F56B9A65970B2F12D2C472EA /* Pods-jsonTest.release.xcconfig */;
			buildSettings = {
				ASSETCATALOG_COMPILER_APPICON_NAME = AppIcon;
				CODE_SIGN_STYLE = Automatic;
				DEVELOPMENT_TEAM = X39JA8H8R9;
				INFOPLIST_FILE = jsonTest/Info.plist;
				LD_RUNPATH_SEARCH_PATHS = (
					"$(inherited)",
					"@executable_path/Frameworks",
				);
				PRODUCT_BUNDLE_IDENTIFIER = gandhi.shivam.jsonTest;
				PRODUCT_NAME = "$(TARGET_NAME)";
				SWIFT_VERSION = 4.0;
				TARGETED_DEVICE_FAMILY = "1,2";
			};
			name = Release;
		};
/* End XCBuildConfiguration section */

/* Begin XCConfigurationList section */
		A8441735210930DB009747A5 /* Build configuration list for PBXProject "jsonTest" */ = {
			isa = XCConfigurationList;
			buildConfigurations = (
				A844174D210930DC009747A5 /* Debug */,
				A844174E210930DC009747A5 /* Release */,
			);
			defaultConfigurationIsVisible = 0;
			defaultConfigurationName = Release;
		};
		A844174F210930DC009747A5 /* Build configuration list for PBXNativeTarget "jsonTest" */ = {
			isa = XCConfigurationList;
			buildConfigurations = (
				A8441750210930DC009747A5 /* Debug */,
				A8441751210930DC009747A5 /* Release */,
			);
			defaultConfigurationIsVisible = 0;
			defaultConfigurationName = Release;
		};
/* End XCConfigurationList section */

/* Begin XCVersionGroup section */
		A8441744210930DB009747A5 /* jsonTest.xcdatamodeld */ = {
			isa = XCVersionGroup;
			children = (
				A8441745210930DB009747A5 /* jsonTest.xcdatamodel */,
			);
			currentVersion = A8441745210930DB009747A5 /* jsonTest.xcdatamodel */;
			path = jsonTest.xcdatamodeld;
			sourceTree = "<group>";
			versionGroupType = wrapper.xcdatamodel;
		};
/* End XCVersionGroup section */
	};
	rootObject = A8441732210930DB009747A5 /* Project object */;
}
